
Microsoft Visual Studio Solution File, Format Version 12.00
# Visual Studio Version 17
VisualStudioVersion = 17.3.32922.545
MinimumVisualStudioVersion = 10.0.40219.1
Project("{FAE04EC0-301F-11D3-BF4B-00C04F79EFBC}") = "WebNangCao_MVC", "WebNangCao_MVC\WebNangCao_MVC.csproj", "{55C6161E-E6FF-44EB-A07A-7C490B1FC255}"
EndProject
Global
	GlobalSection(SolutionConfigurationPlatforms) = preSolution
		Debug|Any CPU = Debug|Any CPU
		Release|Any CPU = Release|Any CPU
	EndGlobalSection
	GlobalSection(ProjectConfigurationPlatforms) = postSolution
		{55C6161E-E6FF-44EB-A07A-7C490B1FC255}.Debug|Any CPU.ActiveCfg = Debug|Any CPU
		{55C6161E-E6FF-44EB-A07A-7C490B1FC255}.Debug|Any CPU.Build.0 = Debug|Any CPU
		{55C6161E-E6FF-44EB-A07A-7C490B1FC255}.Release|Any CPU.ActiveCfg = Release|Any CPU
		{55C6161E-E6FF-44EB-A07A-7C490B1FC255}.Release|Any CPU.Build.0 = Release|Any CPU
	EndGlobalSection
	GlobalSection(SolutionProperties) = preSolution
		HideSolutionNode = FALSE
	EndGlobalSection
	GlobalSection(ExtensibilityGlobals) = postSolution
		SolutionGuid = {0B7E75A5-2062-4632-AABC-035CA82CCDE9}
	EndGlobalSection
EndGlobal
